<Solution>
  <Configurations>
    <Platform Name="Any CPU" />
    <Platform Name="x64" />
    <Platform Name="x86" />
  </Configurations>
  <Folder Name="/src/">
    <Project Path="src/Neoasis.Data.Common/Neoasis.Data.Common.csproj" />
  </Folder>
  <Folder Name="/tests/">
    <Project Path="tests/Neoasis.Data.Common.Tests/Neoasis.Data.Common.Tests.csproj" />
  </Folder>
</Solution>
